
Microsoft Visual Studio Solution File, Format Version 12.00
# Visual Studio 15
VisualStudioVersion = 15.0.28010.2003
MinimumVisualStudioVersion = 10.0.40219.1
Project("{8BC9CEB8-8B4A-11D0-8D11-00A0C91BC942}") = "nodec-examples", "nodec-examples.vcxproj", "{17652F3C-BB26-47C1-AABA-45E8FFA006A0}"
EndProject
Project("{8BC9CEB8-8B4A-11D0-8D11-00A0C91BC942}") = "nodec", "nodec.vcxproj", "{C17F698B-0CF9-4034-9F70-CCB61DE46812}"
EndProject
Project("{8BC9CEB8-8B4A-11D0-8D11-00A0C91BC942}") = "tests-nodec", "tests-nodec.vcxproj", "{55E37DDC-1F27-4D9F-AD95-C1BF83D33EFF}"
EndProject
Project("{8BC9CEB8-8B4A-11D0-8D11-00A0C91BC942}") = "tests-nodec-client", "tests-nodec-client.vcxproj", "{55E37DDD-1F27-4D9F-AD95-C1BF83D33EFF}"
EndProject
Global
	GlobalSection(SolutionConfigurationPlatforms) = preSolution
		Debug|x64 = Debug|x64
		Debug|x86 = Debug|x86
		Release|x64 = Release|x64
		Release|x86 = Release|x86
	EndGlobalSection
	GlobalSection(ProjectConfigurationPlatforms) = postSolution
		{C17F698B-0CF9-4034-9F70-CCB61DE46812}.Debug|x64.ActiveCfg = Debug|x64
		{C17F698B-0CF9-4034-9F70-CCB61DE46812}.Debug|x64.Build.0 = Debug|x64
		{C17F698B-0CF9-4034-9F70-CCB61DE46812}.Debug|x86.ActiveCfg = Debug|Win32
		{C17F698B-0CF9-4034-9F70-CCB61DE46812}.Debug|x86.Build.0 = Debug|Win32
		{C17F698B-0CF9-4034-9F70-CCB61DE46812}.Release|x64.ActiveCfg = Release|x64
		{C17F698B-0CF9-4034-9F70-CCB61DE46812}.Release|x64.Build.0 = Release|x64
		{C17F698B-0CF9-4034-9F70-CCB61DE46812}.Release|x86.ActiveCfg = Release|Win32
		{C17F698B-0CF9-4034-9F70-CCB61DE46812}.Release|x86.Build.0 = Release|Win32
		{55E37DDC-1F27-4D9F-AD95-C1BF83D33EFF}.Debug|x64.ActiveCfg = Debug|x64
		{55E37DDC-1F27-4D9F-AD95-C1BF83D33EFF}.Debug|x64.Build.0 = Debug|x64
		{55E37DDC-1F27-4D9F-AD95-C1BF83D33EFF}.Debug|x86.ActiveCfg = Debug|Win32
		{55E37DDC-1F27-4D9F-AD95-C1BF83D33EFF}.Debug|x86.Build.0 = Debug|Win32
		{55E37DDC-1F27-4D9F-AD95-C1BF83D33EFF}.Release|x64.ActiveCfg = Release|x64
		{55E37DDC-1F27-4D9F-AD95-C1BF83D33EFF}.Release|x64.Build.0 = Release|x64
		{55E37DDC-1F27-4D9F-AD95-C1BF83D33EFF}.Release|x86.ActiveCfg = Release|Win32
		{55E37DDC-1F27-4D9F-AD95-C1BF83D33EFF}.Release|x86.Build.0 = Release|Win32
		{55E37DDD-1F27-4D9F-AD95-C1BF83D33EFF}.Debug|x64.ActiveCfg = Debug|x64
		{55E37DDD-1F27-4D9F-AD95-C1BF83D33EFF}.Debug|x64.Build.0 = Debug|x64
		{55E37DDD-1F27-4D9F-AD95-C1BF83D33EFF}.Debug|x86.ActiveCfg = Debug|Win32
		{55E37DDD-1F27-4D9F-AD95-C1BF83D33EFF}.Debug|x86.Build.0 = Debug|Win32
		{55E37DDD-1F27-4D9F-AD95-C1BF83D33EFF}.Release|x64.ActiveCfg = Release|x64
		{55E37DDD-1F27-4D9F-AD95-C1BF83D33EFF}.Release|x64.Build.0 = Release|x64
		{55E37DDD-1F27-4D9F-AD95-C1BF83D33EFF}.Release|x86.ActiveCfg = Release|Win32
		{55E37DDD-1F27-4D9F-AD95-C1BF83D33EFF}.Release|x86.Build.0 = Release|Win32
		{17652F3C-BB26-47C1-AABA-45E8FFA006A0}.Debug|x64.ActiveCfg = Debug|x64
		{17652F3C-BB26-47C1-AABA-45E8FFA006A0}.Debug|x64.Build.0 = Debug|x64
		{17652F3C-BB26-47C1-AABA-45E8FFA006A0}.Debug|x86.ActiveCfg = Debug|Win32
		{17652F3C-BB26-47C1-AABA-45E8FFA006A0}.Debug|x86.Build.0 = Debug|Win32
		{17652F3C-BB26-47C1-AABA-45E8FFA006A0}.Release|x64.ActiveCfg = Release|x64
		{17652F3C-BB26-47C1-AABA-45E8FFA006A0}.Release|x64.Build.0 = Release|x64
		{17652F3C-BB26-47C1-AABA-45E8FFA006A0}.Release|x86.ActiveCfg = Release|Win32
		{17652F3C-BB26-47C1-AABA-45E8FFA006A0}.Release|x86.Build.0 = Release|Win32
	EndGlobalSection
	GlobalSection(SolutionProperties) = preSolution
		HideSolutionNode = FALSE
	EndGlobalSection
	GlobalSection(ExtensibilityGlobals) = postSolution
		SolutionGuid = {DB821D43-1640-48A8-8114-11CEE50D5E1F}
	EndGlobalSection
EndGlobal
